
Microsoft Visual Studio Solution File, Format Version 11.00
# Visual Studio 2010
Project("{FAE04EC0-301F-11D3-BF4B-00C04F79EFBC}") = "Neurovirtualidad", "Assembly-CSharp.csproj", "{30AB02A0-3FAE-556A-8E00-44AC20DA6F06}"
EndProject
Global
	GlobalSection(SolutionConfigurationPlatforms) = preSolution
		Debug|Any CPU = Debug|Any CPU
		Release|Any CPU = Release|Any CPU
	EndGlobalSection
	GlobalSection(ProjectConfigurationPlatforms) = postSolution
		{30AB02A0-3FAE-556A-8E00-44AC20DA6F06}.Debug|Any CPU.ActiveCfg = Debug|Any CPU
		{30AB02A0-3FAE-556A-8E00-44AC20DA6F06}.Debug|Any CPU.Build.0 = Debug|Any CPU
		{30AB02A0-3FAE-556A-8E00-44AC20DA6F06}.Release|Any CPU.ActiveCfg = Release|Any CPU
		{30AB02A0-3FAE-556A-8E00-44AC20DA6F06}.Release|Any CPU.Build.0 = Release|Any CPU
	EndGlobalSection
	GlobalSection(SolutionProperties) = preSolution
		HideSolutionNode = FALSE
	EndGlobalSection
	GlobalSection(MonoDevelopProperties) = preSolution
		StartupItem = Assembly-CSharp.csproj
	EndGlobalSection
EndGlobal
